# This file is automatically @generated by Cargo.
# It is not intended for manual editing.
version = 4

[[package]]
name = "mtas-cli"
version = "0.1.0"
dependencies = [
 "mtas-macro",
 "mtas-platform",
]

[[package]]
name = "mtas-macro"
version = "0.1.0"

[[package]]
name = "mtas-platform"
version = "0.1.0"
dependencies = [
 "mtas-macro",
]

[[package]]
name = "mtas-utils"
version = "0.1.0"
dependencies = [
 "mtas-macro",
]
